---
POOLTable:
  rpc: get-service-nat-pool-information
  args:
    detail: True
  item: sfw-per-service-set-nat-pool
  key:
    - interface-name
    - service-set-name
  view: POOLView

POOLView:
  fields:
    service-nat-pool: _ServiceNATPoolTable

_ServiceNATPoolTable:
  item: service-nat-pool
  key: pool-name
  view: _ServiceNATPoolView

_ServiceNATPoolView:
  fields:
    port-block-allocation-errors: port-block-allocation-errors
    port-blocks-in-use: port-blocks-in-use
